
Microsoft Visual Studio Solution File, Format Version 12.00
# Visual Studio 14
VisualStudioVersion = 14.0.23107.0
MinimumVisualStudioVersion = 10.0.40219.1
Project("{8BC9CEB8-8B4A-11D0-8D11-00A0C91BC942}") = "conv", "conv\conv.vcxproj", "{2BB5CB72-76B2-443F-9B17-ED0C9E5A4A89}"
EndProject
Global
	GlobalSection(SolutionConfigurationPlatforms) = preSolution
		Debug|x64 = Debug|x64
		Debug|x86 = Debug|x86
		Release|x64 = Release|x64
		Release|x86 = Release|x86
	EndGlobalSection
	GlobalSection(ProjectConfigurationPlatforms) = postSolution
		{2BB5CB72-76B2-443F-9B17-ED0C9E5A4A89}.Debug|x64.ActiveCfg = Debug|x64
		{2BB5CB72-76B2-443F-9B17-ED0C9E5A4A89}.Debug|x64.Build.0 = Debug|x64
		{2BB5CB72-76B2-443F-9B17-ED0C9E5A4A89}.Debug|x86.ActiveCfg = Debug|Win32
		{2BB5CB72-76B2-443F-9B17-ED0C9E5A4A89}.Debug|x86.Build.0 = Debug|Win32
		{2BB5CB72-76B2-443F-9B17-ED0C9E5A4A89}.Release|x64.ActiveCfg = Release|x64
		{2BB5CB72-76B2-443F-9B17-ED0C9E5A4A89}.Release|x64.Build.0 = Release|x64
		{2BB5CB72-76B2-443F-9B17-ED0C9E5A4A89}.Release|x86.ActiveCfg = Release|Win32
		{2BB5CB72-76B2-443F-9B17-ED0C9E5A4A89}.Release|x86.Build.0 = Release|Win32
	EndGlobalSection
	GlobalSection(SolutionProperties) = preSolution
		HideSolutionNode = FALSE
	EndGlobalSection
EndGlobal
